#MicroXplorer Configuration settings - do not modify
ADC1.Channel-5\#ChannelRegularConversion=ADC_CHANNEL_4
ADC1.IPParameters=Rank-5\#ChannelRegularConversion,master,Channel-5\#ChannelRegularConversion,SamplingTime-5\#ChannelRegularConversion,OffsetNumber-5\#ChannelRegularConversion,OffsetSignedSaturation-5\#ChannelRegularConversion,NbrOfConversionFlag
ADC1.NbrOfConversionFlag=1
ADC1.OffsetNumber-5\#ChannelRegularConversion=ADC_OFFSET_NONE
ADC1.OffsetSignedSaturation-5\#ChannelRegularConversion=DISABLE
ADC1.Rank-5\#ChannelRegularConversion=1
ADC1.SamplingTime-5\#ChannelRegularConversion=ADC_SAMPLETIME_1CYCLE_5
ADC1.master=1
CORTEX_M7.CPU_DCache=Enabled
CORTEX_M7.CPU_ICache=Enabled
CORTEX_M7.IPParameters=CPU_ICache,CPU_DCache
DMA2D.ColorMode=DMA2D_OUTPUT_RGB888
DMA2D.IPParameters=ColorMode
FMC.AccessMode1=FMC_ACCESS_MODE_A
FMC.AddressHoldTime1=1
FMC.AddressSetupTime1=0
FMC.BankMapConfig=FMC_SWAPBMAP_SDRAM_SRAM
FMC.BusTurnAroundDuration1=0
FMC.DataSetupTime1=1
FMC.ExtendedAccessMode1=FMC_ACCESS_MODE_A
FMC.ExtendedAddressSetupTime1=0
FMC.ExtendedBusTurnAroundDuration1=0
FMC.ExtendedDataSetupTime1=1
FMC.ExtendedMode1=FMC_EXTENDED_MODE_ENABLE
FMC.IPParameters=AddressSetupTime1,DataSetupTime1,BusTurnAroundDuration1,WriteFifo1,WriteFifo2,ExtendedMode1,AddressHoldTime1,BankMapConfig,AccessMode1,ExtendedAccessMode1,ExtendedAddressSetupTime1,ExtendedDataSetupTime1,ExtendedBusTurnAroundDuration1
FMC.WriteFifo1=FMC_WRITE_FIFO_DISABLE
FMC.WriteFifo2=FMC_WRITE_FIFO_DISABLE
FREERTOS.Events01=keypadEvent,Dynamic,NULL
FREERTOS.FootprintOK=true
FREERTOS.IPParameters=Tasks01,configENABLE_FPU,FootprintOK,configUSE_PREEMPTION,configTOTAL_HEAP_SIZE,Queues01,Events01
FREERTOS.Queues01=keypadQueue,1,uint8_t,0,Dynamic,NULL,NULL
FREERTOS.Tasks01=defaultTask,24,256,StartDefaultTask,Default,NULL,Dynamic,NULL,NULL;lcdTask,24,1024,lcdTaskEntry,Default,NULL,Dynamic,NULL,NULL;keypadTask,24,256,keypadTaskEntry,Default,NULL,Dynamic,NULL,NULL
FREERTOS.configENABLE_FPU=1
FREERTOS.configTOTAL_HEAP_SIZE=0x2000
FREERTOS.configUSE_PREEMPTION=1
File.Version=6
GPIO.groupedBy=Group By Peripherals
I2C1.Analog_Filter=I2C_ANALOGFILTER_DISABLE
I2C1.CustomTiming=Disabled
I2C1.I2C_Fall_Time=0
I2C1.I2C_Rise_Time=0
I2C1.I2C_Speed_Mode=I2C_Fast
I2C1.IPParameters=Timing,Analog_Filter,CustomTiming,I2C_Speed_Mode,I2C_Rise_Time,I2C_Fall_Time
I2C1.Timing=0x009039BB
I2S2.AudioFreq=I2S_AUDIOFREQ_44K
I2S2.ErrorAudioFreq=-0.04 %
I2S2.FullDuplexMode=I2S_MODE_MASTER_FD
I2S2.IPParameters=Instance,VirtualMode,FullDuplexMode,RealAudioFreq,ErrorAudioFreq,AudioFreq
I2S2.Instance=SPI$Index
I2S2.RealAudioFreq=43.981 KHz
I2S2.VirtualMode=I2S_MODE_MASTER
KeepUserPlacement=true
Mcu.Family=STM32H7
Mcu.IP0=ADC1
Mcu.IP1=CORTEX_M7
Mcu.IP10=QUADSPI
Mcu.IP11=RCC
Mcu.IP12=RTC
Mcu.IP13=SAI1
Mcu.IP14=SDMMC1
Mcu.IP15=SPI1
Mcu.IP16=SYS
Mcu.IP17=TIM1
Mcu.IP18=TIM2
Mcu.IP19=TIM3
Mcu.IP2=CRC
Mcu.IP20=TIM17
Mcu.IP21=USART1
Mcu.IP22=USB_OTG_FS
Mcu.IP23=VREFBUF
Mcu.IP3=DEBUG
Mcu.IP4=DMA2D
Mcu.IP5=FMC
Mcu.IP6=FREERTOS
Mcu.IP7=I2C1
Mcu.IP8=I2S2
Mcu.IP9=NVIC
Mcu.IPNb=24
Mcu.Name=STM32H742V(G-I)Tx
Mcu.Package=LQFP100
Mcu.Pin0=PE2
Mcu.Pin1=PE3
Mcu.Pin10=PC0
Mcu.Pin11=PC1
Mcu.Pin12=PC2_C
Mcu.Pin13=VREF+
Mcu.Pin14=PA0
Mcu.Pin15=PA1
Mcu.Pin16=PA2
Mcu.Pin17=PA3
Mcu.Pin18=PA4
Mcu.Pin19=PA5
Mcu.Pin2=PE4
Mcu.Pin20=PA6
Mcu.Pin21=PA7
Mcu.Pin22=PC4
Mcu.Pin23=PC5
Mcu.Pin24=PB0
Mcu.Pin25=PB1
Mcu.Pin26=PB2
Mcu.Pin27=PE7
Mcu.Pin28=PE8
Mcu.Pin29=PE9
Mcu.Pin3=PE5
Mcu.Pin30=PE10
Mcu.Pin31=PE11
Mcu.Pin32=PE12
Mcu.Pin33=PE13
Mcu.Pin34=PE14
Mcu.Pin35=PE15
Mcu.Pin36=PB10
Mcu.Pin37=PB12
Mcu.Pin38=PB13
Mcu.Pin39=PB14
Mcu.Pin4=PE6
Mcu.Pin40=PB15
Mcu.Pin41=PD8
Mcu.Pin42=PD9
Mcu.Pin43=PD10
Mcu.Pin44=PD11
Mcu.Pin45=PD12
Mcu.Pin46=PD13
Mcu.Pin47=PD14
Mcu.Pin48=PD15
Mcu.Pin49=PC7
Mcu.Pin5=PC13
Mcu.Pin50=PC8
Mcu.Pin51=PC9
Mcu.Pin52=PA8
Mcu.Pin53=PA9
Mcu.Pin54=PA10
Mcu.Pin55=PA11
Mcu.Pin56=PA12
Mcu.Pin57=PA13 (JTMS/SWDIO)
Mcu.Pin58=PA14 (JTCK/SWCLK)
Mcu.Pin59=PA15 (JTDI)
Mcu.Pin6=PC14-OSC32_IN (OSC32_IN)
Mcu.Pin60=PC10
Mcu.Pin61=PC11
Mcu.Pin62=PC12
Mcu.Pin63=PD0
Mcu.Pin64=PD1
Mcu.Pin65=PD2
Mcu.Pin66=PD4
Mcu.Pin67=PD5
Mcu.Pin68=PD6
Mcu.Pin69=PD7
Mcu.Pin7=PC15-OSC32_OUT (OSC32_OUT)
Mcu.Pin70=PB3 (JTDO/TRACESWO)
Mcu.Pin71=PB4 (NJTRST)
Mcu.Pin72=PB5
Mcu.Pin73=PB6
Mcu.Pin74=PB7
Mcu.Pin75=PB8
Mcu.Pin76=PE0
Mcu.Pin77=PE1
Mcu.Pin78=VP_CRC_VS_CRC
Mcu.Pin79=VP_DMA2D_VS_DMA2D
Mcu.Pin8=PH0-OSC_IN (PH0)
Mcu.Pin80=VP_FREERTOS_VS_CMSIS_V2
Mcu.Pin81=VP_RTC_VS_RTC_Activate
Mcu.Pin82=VP_SYS_VS_tim4
Mcu.Pin83=VP_TIM2_VS_ClockSourceINT
Mcu.Pin84=VP_TIM3_VS_ClockSourceINT
Mcu.Pin85=VP_TIM17_VS_ClockSourceINT
Mcu.Pin86=VP_STMicroelectronics.X-CUBE-TOUCHGFX_VS_GraphicsJjApplication_4.16.1
Mcu.Pin9=PH1-OSC_OUT (PH1)
Mcu.PinsNb=87
Mcu.ThirdParty0=STMicroelectronics.X-CUBE-AZRTOS-H7.1.0.0
Mcu.ThirdParty1=STMicroelectronics.X-CUBE-TOUCHGFX.4.16.1
Mcu.ThirdPartyNb=2
Mcu.UserConstants=EVENT_KEYBOARD_INT,0x00000001U
Mcu.UserName=STM32H742VGTx
MxCube.Version=6.2.1
MxDb.Version=DB.6.0.21
NVIC.BusFault_IRQn=true\:0\:0\:false\:false\:true\:false\:false\:false
NVIC.DMA2D_IRQn=true\:5\:0\:false\:false\:true\:true\:true\:true
NVIC.DebugMonitor_IRQn=true\:0\:0\:false\:false\:true\:false\:false\:false
NVIC.EXTI0_IRQn=true\:5\:0\:false\:false\:true\:true\:true\:true
NVIC.EXTI15_10_IRQn=true\:5\:0\:true\:false\:true\:true\:true\:true
NVIC.ForceEnableDMAVector=true
NVIC.HardFault_IRQn=true\:0\:0\:false\:false\:true\:false\:false\:false
NVIC.MemoryManagement_IRQn=true\:0\:0\:false\:false\:true\:false\:false\:false
NVIC.NonMaskableInt_IRQn=true\:0\:0\:false\:false\:true\:false\:false\:false
NVIC.PendSV_IRQn=true\:15\:0\:false\:false\:false\:true\:false\:false
NVIC.PriorityGroup=NVIC_PRIORITYGROUP_4
NVIC.SVCall_IRQn=true\:0\:0\:false\:false\:false\:false\:false\:false
NVIC.SavedPendsvIrqHandlerGenerated=true
NVIC.SavedSvcallIrqHandlerGenerated=true
NVIC.SavedSystickIrqHandlerGenerated=true
NVIC.SysTick_IRQn=true\:15\:0\:false\:false\:false\:true\:false\:true
NVIC.TIM4_IRQn=true\:0\:0\:false\:false\:true\:false\:false\:true
NVIC.TimeBase=TIM4_IRQn
NVIC.TimeBaseIP=TIM4
NVIC.UsageFault_IRQn=true\:0\:0\:false\:false\:true\:false\:false\:false
PA0.GPIOParameters=GPIO_PuPd,GPIO_Label,GPIO_ModeDefaultEXTI,PinAttribute
PA0.GPIO_Label=KB_IRQ
PA0.GPIO_ModeDefaultEXTI=GPIO_MODE_IT_FALLING
PA0.GPIO_PuPd=GPIO_PULLUP
PA0.Locked=true
PA0.PinAttribute=Free
PA0.Signal=GPXTI0
PA1.GPIOParameters=PinAttribute
PA1.Locked=true
PA1.Mode=Single Bank 1
PA1.PinAttribute=Free
PA1.Signal=QUADSPI_BK1_IO3
PA10.GPIOParameters=GPIO_Label,PinAttribute
PA10.GPIO_Label=SDCARD_EN
PA10.Locked=true
PA10.PinAttribute=Free
PA10.Signal=GPIO_Output
PA11.GPIOParameters=PinAttribute
PA11.Mode=Device_Only
PA11.PinAttribute=Free
PA11.Signal=USB_OTG_FS_DM
PA12.GPIOParameters=PinAttribute
PA12.Mode=Device_Only
PA12.PinAttribute=Free
PA12.Signal=USB_OTG_FS_DP
PA13\ (JTMS/SWDIO).GPIOParameters=PinAttribute
PA13\ (JTMS/SWDIO).Mode=Trace_Asynchronous_SW
PA13\ (JTMS/SWDIO).PinAttribute=Free
PA13\ (JTMS/SWDIO).Signal=DEBUG_JTMS-SWDIO
PA14\ (JTCK/SWCLK).GPIOParameters=PinAttribute
PA14\ (JTCK/SWCLK).Mode=Trace_Asynchronous_SW
PA14\ (JTCK/SWCLK).PinAttribute=Free
PA14\ (JTCK/SWCLK).Signal=DEBUG_JTCK-SWCLK
PA15\ (JTDI).GPIOParameters=GPIO_Label
PA15\ (JTDI).GPIO_Label=LCD_TE
PA15\ (JTDI).Locked=true
PA15\ (JTDI).Signal=GPXTI15
PA2.GPIOParameters=GPIO_Label,PinAttribute
PA2.GPIO_Label=AUDIO_EN
PA2.Locked=true
PA2.PinAttribute=Free
PA2.Signal=GPIO_Output
PA3.GPIOParameters=GPIO_Label,PinAttribute
PA3.GPIO_Label=AMP_EN
PA3.Locked=true
PA3.PinAttribute=Free
PA3.Signal=GPIO_Output
PA4.GPIOParameters=PinAttribute
PA4.Mode=NSS_Signal_Hard_Output
PA4.PinAttribute=Free
PA4.Signal=SPI1_NSS
PA5.GPIOParameters=PinAttribute
PA5.Mode=Full_Duplex_Master
PA5.PinAttribute=Free
PA5.Signal=SPI1_SCK
PA6.GPIOParameters=PinAttribute
PA6.Mode=Full_Duplex_Master
PA6.PinAttribute=Free
PA6.Signal=SPI1_MISO
PA7.GPIOParameters=PinAttribute
PA7.Mode=Full_Duplex_Master
PA7.PinAttribute=Free
PA7.Signal=SPI1_MOSI
PA8.GPIOParameters=GPIO_Label,PinAttribute
PA8.GPIO_Label=LCD_BACKLIGHT_PWM
PA8.PinAttribute=Free
PA8.Signal=S_TIM1_CH1
PA9.GPIOParameters=GPIO_Label,PinAttribute
PA9.GPIO_Label=LCD_BACKLIGHT_EN
PA9.Locked=true
PA9.PinAttribute=Free
PA9.Signal=GPIO_Output
PB0.GPIOParameters=PinAttribute
PB0.PinAttribute=Free
PB0.Signal=S_TIM3_CH3
PB1.GPIOParameters=GPIO_Label,PinAttribute
PB1.GPIO_Label=KB_POWER_END_KEY
PB1.Locked=true
PB1.PinAttribute=Free
PB1.Signal=GPIO_Input
PB10.Mode=Single Bank 1
PB10.Signal=QUADSPI_BK1_NCS
PB12.GPIOParameters=PinAttribute
PB12.Mode=Full_Duplex_Master
PB12.PinAttribute=Free
PB12.Signal=I2S2_WS
PB13.GPIOParameters=PinAttribute
PB13.Mode=Full_Duplex_Master
PB13.PinAttribute=Free
PB13.Signal=I2S2_CK
PB14.GPIOParameters=PinAttribute
PB14.Mode=Asynchronous
PB14.PinAttribute=Free
PB14.Signal=USART1_TX
PB15.GPIOParameters=PinAttribute
PB15.Mode=Asynchronous
PB15.PinAttribute=Free
PB15.Signal=USART1_RX
PB2.GPIOParameters=PinAttribute
PB2.Mode=Single Bank 1
PB2.PinAttribute=Free
PB2.Signal=QUADSPI_CLK
PB3\ (JTDO/TRACESWO).Mode=Trace_Asynchronous_SW
PB3\ (JTDO/TRACESWO).Signal=DEBUG_JTDO-SWO
PB4\ (NJTRST).GPIOParameters=GPIO_Label
PB4\ (NJTRST).GPIO_Label=BATT_VSENSE_EN
PB4\ (NJTRST).Locked=true
PB4\ (NJTRST).Signal=GPIO_Output
PB5.GPIOParameters=GPIO_Label,GPIO_ModeDefaultEXTI
PB5.GPIO_Label=BATT_STATUS_INT
PB5.GPIO_ModeDefaultEXTI=GPIO_MODE_IT_RISING
PB5.Locked=true
PB5.Signal=GPXTI5
PB6.GPIOParameters=GPIO_FM6,GPIO_Speed
PB6.GPIO_FM6=__NULL
PB6.GPIO_Speed=GPIO_SPEED_FREQ_LOW
PB6.Mode=I2C
PB6.Signal=I2C1_SCL
PB7.GPIOParameters=GPIO_Speed,GPIO_FM7
PB7.GPIO_FM7=__NULL
PB7.GPIO_Speed=GPIO_SPEED_FREQ_LOW
PB7.Mode=I2C
PB7.Signal=I2C1_SDA
PB8.Mode=SD_4_bits_Wide_bus_auto_dir_voltage_converter
PB8.Signal=SDMMC1_CKIN
PC0.GPIOParameters=GPIO_Label,PinAttribute
PC0.GPIO_Label=LED0
PC0.Locked=true
PC0.PinAttribute=Free
PC0.Signal=GPIO_Output
PC1.GPIOParameters=PinAttribute
PC1.Mode=Full_Duplex_Master
PC1.PinAttribute=Free
PC1.Signal=I2S2_SDO
PC10.GPIOParameters=PinAttribute
PC10.Mode=SD_4_bits_Wide_bus_auto_dir_voltage_converter
PC10.PinAttribute=Free
PC10.Signal=SDMMC1_D2
PC11.GPIOParameters=PinAttribute
PC11.Mode=SD_4_bits_Wide_bus_auto_dir_voltage_converter
PC11.PinAttribute=Free
PC11.Signal=SDMMC1_D3
PC12.GPIOParameters=PinAttribute
PC12.Mode=SD_4_bits_Wide_bus_auto_dir_voltage_converter
PC12.PinAttribute=Free
PC12.Signal=SDMMC1_CK
PC13.GPIOParameters=GPIO_Label,PinAttribute
PC13.GPIO_Label=LED1
PC13.Locked=true
PC13.PinAttribute=Free
PC13.Signal=GPIO_Output
PC14-OSC32_IN\ (OSC32_IN).GPIOParameters=PinAttribute
PC14-OSC32_IN\ (OSC32_IN).Mode=LSE-External-Oscillator
PC14-OSC32_IN\ (OSC32_IN).PinAttribute=Free
PC14-OSC32_IN\ (OSC32_IN).Signal=RCC_OSC32_IN
PC15-OSC32_OUT\ (OSC32_OUT).GPIOParameters=PinAttribute
PC15-OSC32_OUT\ (OSC32_OUT).Mode=LSE-External-Oscillator
PC15-OSC32_OUT\ (OSC32_OUT).PinAttribute=Free
PC15-OSC32_OUT\ (OSC32_OUT).Signal=RCC_OSC32_OUT
PC2_C.GPIOParameters=PinAttribute
PC2_C.Mode=Full_Duplex_Master
PC2_C.PinAttribute=Free
PC2_C.Signal=I2S2_SDI
PC4.GPIOParameters=GPIO_Label,PinAttribute
PC4.GPIO_Label=BATT_VSENSE
PC4.PinAttribute=Free
PC4.Signal=ADCx_INP4
PC5.GPIOParameters=GPIO_Label,PinAttribute
PC5.GPIO_Label=KB_LED_EN
PC5.Locked=true
PC5.PinAttribute=Free
PC5.Signal=GPIO_Output
PC7.GPIOParameters=GPIO_PuPd,GPIO_Speed_High_Default,GPIO_Mode,PinAttribute
PC7.GPIO_Mode=GPIO_MODE_AF_PP
PC7.GPIO_PuPd=GPIO_NOPULL
PC7.GPIO_Speed_High_Default=GPIO_SPEED_FREQ_VERY_HIGH
PC7.Mode=NorPsramChipSelect1_1
PC7.PinAttribute=Free
PC7.Signal=FMC_NE1
PC8.GPIOParameters=PinAttribute
PC8.Mode=SD_4_bits_Wide_bus_auto_dir_voltage_converter
PC8.PinAttribute=Free
PC8.Signal=SDMMC1_D0
PC9.GPIOParameters=PinAttribute
PC9.Mode=SD_4_bits_Wide_bus_auto_dir_voltage_converter
PC9.PinAttribute=Free
PC9.Signal=SDMMC1_D1
PCC.Checker=true
PCC.Line=STM32H742
PCC.MCU=STM32H742V(G-I)Tx
PCC.PartNumber=STM32H742VGTx
PCC.Seq0=2
PCC.Seq0.Step0.Average_Current=105 mA
PCC.Seq0.Step0.CPU_Frequency=400 MHz
PCC.Seq0.Step0.Category=In DS Table
PCC.Seq0.Step0.DMIPS=856.00006
PCC.Seq0.Step0.Duration=0.9 ms
PCC.Seq0.Step0.Frequency=25 MHz
PCC.Seq0.Step0.Memory=FLASH_A
PCC.Seq0.Step0.Mode=RUN
PCC.Seq0.Step0.Oscillator=HSE BYP PLL Flash-ON Cache-ON
PCC.Seq0.Step0.Peripherals=
PCC.Seq0.Step0.SubMode1=DRUN/CRUN
PCC.Seq0.Step0.SubMode2=DSTANDBY
PCC.Seq0.Step0.SubMode3=DRUN
PCC.Seq0.Step0.TaMax=110.82
PCC.Seq0.Step0.User's_Consumption=0 mA
PCC.Seq0.Step0.Vcore=VOS1\: Scale1-High
PCC.Seq0.Step0.Vdd=3.0
PCC.Seq0.Step0.Voltage_Source=Battery
PCC.Seq0.Step1.Average_Current=170 \u00B5A
PCC.Seq0.Step1.CPU_Frequency=0 Hz
PCC.Seq0.Step1.Category=In DS Table
PCC.Seq0.Step1.DMIPS=0.0
PCC.Seq0.Step1.Duration=0.1 ms
PCC.Seq0.Step1.Frequency=0 Hz
PCC.Seq0.Step1.Memory=NA
PCC.Seq0.Step1.Mode=STOP
PCC.Seq0.Step1.Oscillator=Flash-LP
PCC.Seq0.Step1.Peripherals=
PCC.Seq0.Step1.SubMode1=DSTANDBY
PCC.Seq0.Step1.SubMode2=DSTANDBY
PCC.Seq0.Step1.SubMode3=DSTOP
PCC.Seq0.Step1.TaMax=124.98
PCC.Seq0.Step1.User's_Consumption=0 mA
PCC.Seq0.Step1.Vcore=SVOS5\: System-Scale5
PCC.Seq0.Step1.Vdd=3.0
PCC.Seq0.Step1.Voltage_Source=Battery
PCC.Series=STM32H7
PCC.Temperature=25
PCC.Vdd=3.0
PD0.Signal=FMC_D2_DA2
PD1.Signal=FMC_D3_DA3
PD10.GPIOParameters=GPIO_Label,PinAttribute
PD10.GPIO_Label=FLASH_EN
PD10.Locked=true
PD10.PinAttribute=Free
PD10.Signal=GPIO_Output
PD11.GPIOParameters=PinAttribute
PD11.Mode=Single Bank 1
PD11.PinAttribute=Free
PD11.Signal=QUADSPI_BK1_IO0
PD12.GPIOParameters=PinAttribute
PD12.Mode=Single Bank 1
PD12.PinAttribute=Free
PD12.Signal=QUADSPI_BK1_IO1
PD13.GPIOParameters=PinAttribute
PD13.PinAttribute=Free
PD13.Signal=FMC_A18
PD14.GPIOParameters=PinAttribute
PD14.PinAttribute=Free
PD14.Signal=FMC_D0_DA0
PD15.GPIOParameters=PinAttribute
PD15.PinAttribute=Free
PD15.Signal=FMC_D1_DA1
PD2.Mode=SD_4_bits_Wide_bus_auto_dir_voltage_converter
PD2.Signal=SDMMC1_CMD
PD4.Signal=FMC_NOE
PD5.Signal=FMC_NWE
PD6.GPIOParameters=GPIO_Label,PinAttribute
PD6.GPIO_Label=uSD_DETECT_EXTI
PD6.Locked=true
PD6.PinAttribute=Free
PD6.Signal=GPXTI6
PD7.GPIOParameters=GPIO_Label
PD7.GPIO_Label=KB_POWER_END_KEY_EXTI
PD7.Locked=true
PD7.Signal=GPXTI7
PD8.GPIOParameters=PinState,GPIO_PuPd,GPIO_Label,GPIO_ModeDefaultOutputPP,PinAttribute
PD8.GPIO_Label=LCD_RESX
PD8.GPIO_ModeDefaultOutputPP=GPIO_MODE_OUTPUT_OD
PD8.GPIO_PuPd=GPIO_PULLUP
PD8.Locked=true
PD8.PinAttribute=Free
PD8.PinState=GPIO_PIN_SET
PD8.Signal=GPIO_Output
PD9.GPIOParameters=GPIO_Label,PinAttribute
PD9.GPIO_Label=PERIFERALS_EN
PD9.Locked=true
PD9.PinAttribute=Free
PD9.Signal=GPIO_Output
PE0.GPIOParameters=GPIO_Label,PinAttribute
PE0.GPIO_Label=TCXO_ENABLE
PE0.Locked=true
PE0.PinAttribute=Free
PE0.Signal=GPIO_Output
PE1.GPIOParameters=GPIO_Label,PinAttribute
PE1.GPIO_Label=RADIO_INT0
PE1.Locked=true
PE1.PinAttribute=Free
PE1.Signal=GPXTI1
PE10.GPIOParameters=PinAttribute
PE10.PinAttribute=Free
PE10.Signal=FMC_D7_DA7
PE11.GPIOParameters=GPIO_Label,PinAttribute
PE11.GPIO_Label=RADIO_INT3
PE11.Locked=true
PE11.PinAttribute=Free
PE11.Signal=GPXTI11
PE12.GPIOParameters=GPIO_Label,PinAttribute
PE12.GPIO_Label=RADIO_INT4
PE12.Locked=true
PE12.PinAttribute=Free
PE12.Signal=GPXTI12
PE13.GPIOParameters=GPIO_Label,PinAttribute
PE13.GPIO_Label=RADIO_INT5
PE13.Locked=true
PE13.PinAttribute=Free
PE13.Signal=GPXTI13
PE14.GPIOParameters=GPIO_Label,PinAttribute
PE14.GPIO_Label=RADIO_RESET
PE14.Locked=true
PE14.PinAttribute=Free
PE14.Signal=GPIO_Output
PE15.GPIOParameters=GPIO_Label
PE15.GPIO_Label=RADIO_EN
PE15.Locked=true
PE15.Signal=GPIO_Output
PE2.Mode=Single Bank 1
PE2.Signal=QUADSPI_BK1_IO2
PE3.GPIOParameters=GPIO_Label
PE3.GPIO_Label=RADIO_INT1
PE3.Locked=true
PE3.Signal=GPXTI3
PE4.GPIOParameters=GPIO_Label
PE4.GPIO_Label=RADIO_INT2
PE4.Locked=true
PE4.Signal=GPXTI4
PE5.GPIOParameters=PinAttribute
PE5.Mode=PDM_Master_Mode_CK2
PE5.PinAttribute=Free
PE5.Signal=SAI1_CK2
PE6.GPIOParameters=PinAttribute
PE6.Mode=PDM_Master_Mode_CK2
PE6.PinAttribute=Free
PE6.Signal=SAI1_D1
PE7.GPIOParameters=PinAttribute
PE7.PinAttribute=Free
PE7.Signal=FMC_D4_DA4
PE8.GPIOParameters=PinAttribute
PE8.PinAttribute=Free
PE8.Signal=FMC_D5_DA5
PE9.GPIOParameters=PinAttribute
PE9.PinAttribute=Free
PE9.Signal=FMC_D6_DA6
PH0-OSC_IN\ (PH0).GPIOParameters=PinAttribute
PH0-OSC_IN\ (PH0).Mode=HSE-External-Oscillator
PH0-OSC_IN\ (PH0).PinAttribute=Free
PH0-OSC_IN\ (PH0).Signal=RCC_OSC_IN
PH1-OSC_OUT\ (PH1).GPIOParameters=PinAttribute
PH1-OSC_OUT\ (PH1).Mode=HSE-External-Oscillator
PH1-OSC_OUT\ (PH1).PinAttribute=Free
PH1-OSC_OUT\ (PH1).Signal=RCC_OSC_OUT
PinOutPanel.RotationAngle=0
ProjectManager.AskForMigrate=true
ProjectManager.BackupPrevious=false
ProjectManager.CompilerOptimize=6
ProjectManager.ComputerToolchain=false
ProjectManager.CoupleFile=true
ProjectManager.CustomerFirmwarePackage=
ProjectManager.DefaultFWLocation=true
ProjectManager.DeletePrevious=true
ProjectManager.DeviceId=STM32H742VGTx
ProjectManager.FirmwarePackage=STM32Cube FW_H7 V1.9.0
ProjectManager.FreePins=false
ProjectManager.HalAssertFull=false
ProjectManager.HeapSize=0x2000
ProjectManager.KeepUserCode=true
ProjectManager.LastFirmware=true
ProjectManager.LibraryCopy=1
ProjectManager.MainLocation=Core/Src
ProjectManager.NoMain=false
ProjectManager.PreviousToolchain=STM32CubeIDE
ProjectManager.ProjectBuild=false
ProjectManager.ProjectFileName=H742VGT6.ioc
ProjectManager.ProjectName=H742VGT6
ProjectManager.RegisterCallBack=
ProjectManager.StackSize=0x1000
ProjectManager.TargetToolchain=STM32CubeIDE
ProjectManager.ToolChainLocation=
ProjectManager.UnderRoot=true
ProjectManager.functionlistsort=1-MX_GPIO_Init-GPIO-false-HAL-true,2-SystemClock_Config-RCC-false-HAL-false,false-3-MX_ADC1_Init-ADC1-false-HAL-true,4-MX_CRC_Init-CRC-false-HAL-true,5-MX_FMC_Init-FMC-false-HAL-true,6-MX_I2C1_Init-I2C1-false-HAL-true,false-7-MX_I2S2_Init-I2S2-false-HAL-true,false-8-MX_QUADSPI_Init-QUADSPI-false-HAL-true,false-9-MX_SAI1_Init-SAI1-false-HAL-true,false-10-MX_SDMMC1_SD_Init-SDMMC1-false-HAL-true,11-MX_SPI1_Init-SPI1-false-HAL-true,false-12-MX_TIM1_Init-TIM1-false-HAL-true,false-13-MX_TIM17_Init-TIM17-false-HAL-true,false-14-MX_USART1_UART_Init-USART1-false-HAL-true,false-15-MX_USB_OTG_FS_PCD_Init-USB_OTG_FS-false-HAL-true,16-MX_RTC_Init-RTC-false-HAL-true,17-MX_TIM2_Init-TIM2-false-HAL-true,18-MX_TIM3_Init-TIM3-false-HAL-true,19-MX_DMA2D_Init-DMA2D-false-HAL-true,20-MX_TouchGFX_Init-STMicroelectronics.X-CUBE-TOUCHGFX.4.16.1-false-HAL-false,21-MX_TouchGFX_Process-STMicroelectronics.X-CUBE-TOUCHGFX.4.16.1-false-HAL-false,0-MX_VREFBUF_Init-VREFBUF-false-HAL-true,0-MX_CORTEX_M7_Init-CORTEX_M7-false-HAL-true
RCC.ADCFreq_Value=58750000
RCC.AHB12Freq_Value=237500000
RCC.AHB4Freq_Value=237500000
RCC.APB1Freq_Value=118750000
RCC.APB2Freq_Value=118750000
RCC.APB3Freq_Value=118750000
RCC.APB4Freq_Value=118750000
RCC.AXIClockFreq_Value=237500000
RCC.CECFreq_Value=32000
RCC.CKPERFreq_Value=64000000
RCC.CortexFreq_Value=475000000
RCC.CpuClockFreq_Value=475000000
RCC.D1CPREFreq_Value=475000000
RCC.D1PPRE=RCC_APB3_DIV2
RCC.D2PPRE1=RCC_APB1_DIV2
RCC.D2PPRE2=RCC_APB2_DIV2
RCC.D3PPRE=RCC_APB4_DIV2
RCC.DFSDMACLkFreq_Value=58750000
RCC.DFSDMFreq_Value=118750000
RCC.DIVM1=5
RCC.DIVM2=5
RCC.DIVM3=5
RCC.DIVN1=190
RCC.DIVN2=47
RCC.DIVN3=40
RCC.DIVP1Freq_Value=475000000
RCC.DIVP2=4
RCC.DIVP2Freq_Value=58750000
RCC.DIVP3Freq_Value=100000000
RCC.DIVQ1=5
RCC.DIVQ1Freq_Value=190000000
RCC.DIVQ2=4
RCC.DIVQ2Freq_Value=58750000
RCC.DIVQ3Freq_Value=100000000
RCC.DIVR1=5
RCC.DIVR1Freq_Value=190000000
RCC.DIVR2=1
RCC.DIVR2Freq_Value=235000000
RCC.DIVR3Freq_Value=100000000
RCC.FDCANFreq_Value=190000000
RCC.FLatency-AdvancedSettings=FLASH_LATENCY_1
RCC.FMCCLockSelection=RCC_FMCCLKSOURCE_PLL2
RCC.FMCFreq_Value=235000000
RCC.FamilyName=M
RCC.HCLK3ClockFreq_Value=237500000
RCC.HCLKFreq_Value=237500000
RCC.HPRE=RCC_HCLK_DIV2
RCC.HRTIMFreq_Value=237500000
RCC.I2C123CLockSelection=RCC_I2C123CLKSOURCE_PLL3
RCC.I2C123Freq_Value=100000000
RCC.I2C4Freq_Value=118750000
RCC.IPParameters=ADCFreq_Value,AHB12Freq_Value,AHB4Freq_Value,APB1Freq_Value,APB2Freq_Value,APB3Freq_Value,APB4Freq_Value,AXIClockFreq_Value,CECFreq_Value,CKPERFreq_Value,CortexFreq_Value,CpuClockFreq_Value,D1CPREFreq_Value,D1PPRE,D2PPRE1,D2PPRE2,D3PPRE,DFSDMACLkFreq_Value,DFSDMFreq_Value,DIVM1,DIVM2,DIVM3,DIVN1,DIVN2,DIVN3,DIVP1Freq_Value,DIVP2,DIVP2Freq_Value,DIVP3Freq_Value,DIVQ1,DIVQ1Freq_Value,DIVQ2,DIVQ2Freq_Value,DIVQ3Freq_Value,DIVR1,DIVR1Freq_Value,DIVR2,DIVR2Freq_Value,DIVR3Freq_Value,FDCANFreq_Value,FLatency-AdvancedSettings,FMCCLockSelection,FMCFreq_Value,FamilyName,HCLK3ClockFreq_Value,HCLKFreq_Value,HPRE,HRTIMFreq_Value,I2C123CLockSelection,I2C123Freq_Value,I2C4Freq_Value,LPTIM1Freq_Value,LPTIM2Freq_Value,LPTIM345Freq_Value,LPUART1Freq_Value,MCO1PinFreq_Value,MCO2PinFreq_Value,PLL1_VCO_SEL-AdvancedSettings,PLL3_VCI_Range-AdvancedSettings,PLLSourceVirtual,QSPIFreq_Value,RNGFreq_Value,RTCClockSelection,RTCFreq_Value,SAI1CLockSelection,SAI1Freq_Value,SAI23Freq_Value,SAI4AFreq_Value,SAI4BFreq_Value,SDMMCFreq_Value,SPDIFRXFreq_Value,SPI123Freq_Value,SPI45Freq_Value,SPI6Freq_Value,SWPMI1Freq_Value,SYSCLKFreq_VALUE,SYSCLKSource,SupplySource,Tim1OutputFreq_Value,Tim2OutputFreq_Value,TraceFreq_Value,USART16CLockSelection,USART16Freq_Value,USART234578Freq_Value,USBCLockSelection,USBFreq_Value,VCO1OutputFreq_Value,VCO2OutputFreq_Value,VCO3OutputFreq_Value,VCOInput1Freq_Value,VCOInput2Freq_Value,VCOInput3Freq_Value
RCC.LPTIM1Freq_Value=118750000
RCC.LPTIM2Freq_Value=118750000
RCC.LPTIM345Freq_Value=118750000
RCC.LPUART1Freq_Value=118750000
RCC.MCO1PinFreq_Value=64000000
RCC.MCO2PinFreq_Value=475000000
RCC.PLL1_VCO_SEL-AdvancedSettings=RCC_PLL1VCOWIDE
RCC.PLL3_VCI_Range-AdvancedSettings=RCC_PLL3VCIRANGE_3
RCC.PLLSourceVirtual=RCC_PLLSOURCE_HSE
RCC.QSPIFreq_Value=237500000
RCC.RNGFreq_Value=48000000
RCC.RTCClockSelection=RCC_RTCCLKSOURCE_LSE
RCC.RTCFreq_Value=32768
RCC.SAI1CLockSelection=RCC_SAI1CLKSOURCE_PLL2
RCC.SAI1Freq_Value=58750000
RCC.SAI23Freq_Value=190000000
RCC.SAI4AFreq_Value=190000000
RCC.SAI4BFreq_Value=190000000
RCC.SDMMCFreq_Value=190000000
RCC.SPDIFRXFreq_Value=190000000
RCC.SPI123Freq_Value=190000000
RCC.SPI45Freq_Value=118750000
RCC.SPI6Freq_Value=118750000
RCC.SWPMI1Freq_Value=118750000
RCC.SYSCLKFreq_VALUE=475000000
RCC.SYSCLKSource=RCC_SYSCLKSOURCE_PLLCLK
RCC.SupplySource=PWR_LDO_SUPPLY
RCC.Tim1OutputFreq_Value=237500000
RCC.Tim2OutputFreq_Value=237500000
RCC.TraceFreq_Value=190000000
RCC.USART16CLockSelection=RCC_USART16CLKSOURCE_PLL2
RCC.USART16Freq_Value=58750000
RCC.USART234578Freq_Value=118750000
RCC.USBCLockSelection=RCC_USBCLKSOURCE_HSI48
RCC.USBFreq_Value=48000000
RCC.VCO1OutputFreq_Value=950000000
RCC.VCO2OutputFreq_Value=235000000
RCC.VCO3OutputFreq_Value=200000000
RCC.VCOInput1Freq_Value=5000000
RCC.VCOInput2Freq_Value=5000000
RCC.VCOInput3Freq_Value=5000000
SAI1.Activation=ENABLE
SAI1.ErrorAudioFreq-PDM_Master_Mode_CK2=19.52 %
SAI1.IPParameters=Instance-PDM_Master_Mode_CK2,VirtualMode-PDM_Master_Mode_CK2,VirtualProtocol-PDM_Master_Mode_CK2,MClockEnable,Activation,RealAudioFreq-PDM_Master_Mode_CK2,ErrorAudioFreq-PDM_Master_Mode_CK2
SAI1.Instance-PDM_Master_Mode_CK2=SAI$Index_Block_A
SAI1.MClockEnable=SAI_MASTERCLOCK_DISABLE
SAI1.RealAudioFreq-PDM_Master_Mode_CK2=229.492 KHz
SAI1.VirtualMode-PDM_Master_Mode_CK2=VM_MASTER
SAI1.VirtualProtocol-PDM_Master_Mode_CK2=VM_PDM_PROTOCOL
SH.ADCx_INP4.0=ADC1_INP4,IN4-Single-Ended
SH.ADCx_INP4.ConfNb=1
SH.FMC_A18.0=FMC_A18,A18_1
SH.FMC_A18.ConfNb=1
SH.FMC_D0_DA0.0=FMC_D0,8b-d1
SH.FMC_D0_DA0.ConfNb=1
SH.FMC_D1_DA1.0=FMC_D1,8b-d1
SH.FMC_D1_DA1.ConfNb=1
SH.FMC_D2_DA2.0=FMC_D2,8b-d1
SH.FMC_D2_DA2.ConfNb=1
SH.FMC_D3_DA3.0=FMC_D3,8b-d1
SH.FMC_D3_DA3.ConfNb=1
SH.FMC_D4_DA4.0=FMC_D4,8b-d1
SH.FMC_D4_DA4.ConfNb=1
SH.FMC_D5_DA5.0=FMC_D5,8b-d1
SH.FMC_D5_DA5.ConfNb=1
SH.FMC_D6_DA6.0=FMC_D6,8b-d1
SH.FMC_D6_DA6.ConfNb=1
SH.FMC_D7_DA7.0=FMC_D7,8b-d1
SH.FMC_D7_DA7.ConfNb=1
SH.FMC_NOE.0=FMC_NOE,Lcd1
SH.FMC_NOE.ConfNb=1
SH.FMC_NWE.0=FMC_NWE,Lcd1
SH.FMC_NWE.ConfNb=1
SH.GPXTI0.0=GPIO_EXTI0
SH.GPXTI0.ConfNb=1
SH.GPXTI1.0=GPIO_EXTI1
SH.GPXTI1.ConfNb=1
SH.GPXTI11.0=GPIO_EXTI11
SH.GPXTI11.ConfNb=1
SH.GPXTI12.0=GPIO_EXTI12
SH.GPXTI12.ConfNb=1
SH.GPXTI13.0=GPIO_EXTI13
SH.GPXTI13.ConfNb=1
SH.GPXTI15.0=GPIO_EXTI15
SH.GPXTI15.ConfNb=1
SH.GPXTI3.0=GPIO_EXTI3
SH.GPXTI3.ConfNb=1
SH.GPXTI4.0=GPIO_EXTI4
SH.GPXTI4.ConfNb=1
SH.GPXTI5.0=GPIO_EXTI5
SH.GPXTI5.ConfNb=1
SH.GPXTI6.0=GPIO_EXTI6
SH.GPXTI6.ConfNb=1
SH.GPXTI7.0=GPIO_EXTI7
SH.GPXTI7.ConfNb=1
SH.S_TIM1_CH1.0=TIM1_CH1,PWM Generation1 CH1
SH.S_TIM1_CH1.ConfNb=1
SH.S_TIM3_CH3.0=TIM3_CH3,PWM Generation3 CH3
SH.S_TIM3_CH3.ConfNb=1
SPI1.BaudRatePrescaler=SPI_BAUDRATEPRESCALER_2
SPI1.CalculateBaudRate=95.0 MBits/s
SPI1.Direction=SPI_DIRECTION_2LINES
SPI1.IPParameters=VirtualType,Mode,Direction,CalculateBaudRate,VirtualNSS,BaudRatePrescaler
SPI1.Mode=SPI_MODE_MASTER
SPI1.VirtualNSS=VM_NSSHARD
SPI1.VirtualType=VM_MASTER
STMicroelectronics.X-CUBE-AZRTOS-H7.1.0.0.IPParameters=ThreadXCcRTOSJjThreadXJjCore
STMicroelectronics.X-CUBE-AZRTOS-H7.1.0.0.RTOSJjThreadX_Checked=false
STMicroelectronics.X-CUBE-AZRTOS-H7.1.0.0.ThreadXCcRTOSJjThreadXJjCore=true
STMicroelectronics.X-CUBE-AZRTOS-H7.1.0.0_IsAnAzureRtosMw=true
STMicroelectronics.X-CUBE-AZRTOS-H7.1.0.0_SwParameter=ThreadXCcRTOSJjThreadXJjCore\:true;
STMicroelectronics.X-CUBE-TOUCHGFX.4.16.1.ApplicationCcGraphicsJjApplication=TouchGFXOoGenerator
STMicroelectronics.X-CUBE-TOUCHGFX.4.16.1.GraphicsJjApplication_Checked=true
STMicroelectronics.X-CUBE-TOUCHGFX.4.16.1.IPParameters=tgfx_custom_width,tgfx_custom_height,tgfx_pixel_format,tgfx_hardware_accelerator,tgfx_buffering_strategy,tgfx_number_of_blocks,tgfx_block_size,tgfx_location,tgfx_address1,tgfx_address2,ApplicationCcGraphicsJjApplication
STMicroelectronics.X-CUBE-TOUCHGFX.4.16.1.tgfx_address1=0x24000000
STMicroelectronics.X-CUBE-TOUCHGFX.4.16.1.tgfx_address2=0x24038400
STMicroelectronics.X-CUBE-TOUCHGFX.4.16.1.tgfx_block_size=11520
STMicroelectronics.X-CUBE-TOUCHGFX.4.16.1.tgfx_buffering_strategy=Partial
STMicroelectronics.X-CUBE-TOUCHGFX.4.16.1.tgfx_custom_height=240
STMicroelectronics.X-CUBE-TOUCHGFX.4.16.1.tgfx_custom_width=320
STMicroelectronics.X-CUBE-TOUCHGFX.4.16.1.tgfx_hardware_accelerator=dma_none
STMicroelectronics.X-CUBE-TOUCHGFX.4.16.1.tgfx_location=By Address
STMicroelectronics.X-CUBE-TOUCHGFX.4.16.1.tgfx_number_of_blocks=2
STMicroelectronics.X-CUBE-TOUCHGFX.4.16.1.tgfx_pixel_format=RGB888\:24
STMicroelectronics.X-CUBE-TOUCHGFX.4.16.1_SwParameter=ApplicationCcGraphicsJjApplication\:TouchGFXOoGenerator;
TIM1.Channel-PWM\ Generation1\ CH1=TIM_CHANNEL_1
TIM1.IPParameters=Channel-PWM Generation1 CH1
TIM3.Channel-PWM\ Generation3\ CH3=TIM_CHANNEL_3
TIM3.IPParameters=Channel-PWM Generation3 CH3
USART1.IPParameters=VirtualMode-Asynchronous
USART1.VirtualMode-Asynchronous=VM_ASYNC
USB_OTG_FS.IPParameters=VirtualMode
USB_OTG_FS.VirtualMode=Device_Only
VP_CRC_VS_CRC.Mode=CRC_Activate
VP_CRC_VS_CRC.Signal=CRC_VS_CRC
VP_DMA2D_VS_DMA2D.Mode=DMA2D_Activate
VP_DMA2D_VS_DMA2D.Signal=DMA2D_VS_DMA2D
VP_FREERTOS_VS_CMSIS_V2.Mode=CMSIS_V2
VP_FREERTOS_VS_CMSIS_V2.Signal=FREERTOS_VS_CMSIS_V2
VP_RTC_VS_RTC_Activate.Mode=RTC_Enabled
VP_RTC_VS_RTC_Activate.Signal=RTC_VS_RTC_Activate
VP_STMicroelectronics.X-CUBE-TOUCHGFX_VS_GraphicsJjApplication_4.16.1.Mode=GraphicsJjApplication
VP_STMicroelectronics.X-CUBE-TOUCHGFX_VS_GraphicsJjApplication_4.16.1.Signal=STMicroelectronics.X-CUBE-TOUCHGFX_VS_GraphicsJjApplication_4.16.1
VP_SYS_VS_tim4.Mode=TIM4
VP_SYS_VS_tim4.Signal=SYS_VS_tim4
VP_TIM17_VS_ClockSourceINT.Mode=Enable_Timer
VP_TIM17_VS_ClockSourceINT.Signal=TIM17_VS_ClockSourceINT
VP_TIM2_VS_ClockSourceINT.Mode=Internal
VP_TIM2_VS_ClockSourceINT.Signal=TIM2_VS_ClockSourceINT
VP_TIM3_VS_ClockSourceINT.Mode=Internal
VP_TIM3_VS_ClockSourceINT.Signal=TIM3_VS_ClockSourceINT
VREF+.GPIOParameters=PinAttribute
VREF+.Mode=InternalMode
VREF+.PinAttribute=Free
VREF+.Signal=VREFBUF_OUT
VREFBUF.IPParameters=VoltageScaling
VREFBUF.VoltageScaling=SYSCFG_VREFBUF_VOLTAGE_SCALE1
board=custom
